{
  "nodes": {
    "nixpkgs": {
      "locked": {
        "lastModified": 1759250113,
        "narHash": "sha256-apF3ww4pPkxHI5c424Z6VYdImge1iZSP6TOH45lIqxU=",
        "owner": "nixos",
        "repo": "nixpkgs",
        "rev": "f579c51fd27e9f66c8236b26a47ed78b315f785d",
        "type": "github"
      },
      "original": {
        "owner": "nixos",
        "ref": "nixos-25.05-small",
        "repo": "nixpkgs",
        "type": "github"
      }
    },
    "root": {
      "inputs": {
        "nixpkgs": "nixpkgs"
      }
    }
  },
  "root": "root",
  "version": 7
}
